
Microsoft Visual Studio Solution File, Format Version 12.00
# Visual Studio Version 16
VisualStudioVersion = 16.0.30804.86
MinimumVisualStudioVersion = 10.0.40219.1
Project("{FAE04EC0-301F-11D3-BF4B-00C04F79EFBC}") = "ModelChanger", "ModelChanger\ModelChanger.csproj", "{429CB1EB-D62A-4515-A993-462C6162533B}"
EndProject
Global
	GlobalSection(SolutionConfigurationPlatforms) = preSolution
		Debug|Any CPU = Debug|Any CPU
		Release|Any CPU = Release|Any CPU
	EndGlobalSection
	GlobalSection(ProjectConfigurationPlatforms) = postSolution
		{429CB1EB-D62A-4515-A993-462C6162533B}.Debug|Any CPU.ActiveCfg = Debug|Any CPU
		{429CB1EB-D62A-4515-A993-462C6162533B}.Debug|Any CPU.Build.0 = Debug|Any CPU
		{429CB1EB-D62A-4515-A993-462C6162533B}.Release|Any CPU.ActiveCfg = Release|Any CPU
		{429CB1EB-D62A-4515-A993-462C6162533B}.Release|Any CPU.Build.0 = Release|Any CPU
	EndGlobalSection
	GlobalSection(SolutionProperties) = preSolution
		HideSolutionNode = FALSE
	EndGlobalSection
	GlobalSection(ExtensibilityGlobals) = postSolution
		SolutionGuid = {FAA29D96-1F6C-4FFE-A50B-E2C85E37D020}
	EndGlobalSection
EndGlobal
